
Microsoft Visual Studio Solution File, Format Version 12.00
# Visual Studio Version 16
VisualStudioVersion = 16.0.31729.503
MinimumVisualStudioVersion = 10.0.40219.1
Project("{9A19103F-16F7-4668-BE54-9A1E7A4F7556}") = "Alura.WebAPI.DAL.Livros", "Alura.WebAPI.DAL.Livros\Alura.WebAPI.DAL.Livros.csproj", "{D4D7E423-2AE8-4318-AE8A-07BCB5953B20}"
EndProject
Project("{9A19103F-16F7-4668-BE54-9A1E7A4F7556}") = "Alura.WebAPI.DAL.Usuarios", "Alura.WebAPI.DAL.Usuarios\Alura.WebAPI.DAL.Usuarios.csproj", "{5FC61931-469F-4763-B381-DEBBA69CFCFF}"
EndProject
Project("{9A19103F-16F7-4668-BE54-9A1E7A4F7556}") = "Alura.WebAPI.Model", "Alura.WebAPI.Model\Alura.WebAPI.Model.csproj", "{0282A5B4-54C9-4080-BB30-EAE3455CC9E8}"
EndProject
Project("{9A19103F-16F7-4668-BE54-9A1E7A4F7556}") = "Alura.WebAPI.Seguranca", "Alura.WebAPI.Seguranca\Alura.WebAPI.Seguranca.csproj", "{A7BD3FAC-ED46-4096-95EA-990DCAA43FA0}"
EndProject
Project("{2150E333-8FDC-42A3-9474-1A3956D46DE8}") = "0-Common", "0-Common", "{F2657D5E-A29D-4B44-8385-E217346F8144}"
EndProject
Project("{2150E333-8FDC-42A3-9474-1A3956D46DE8}") = "1-Services", "1-Services", "{C336EF98-6B01-482A-84DF-7CD8352F2BDD}"
EndProject
Project("{9A19103F-16F7-4668-BE54-9A1E7A4F7556}") = "Alura.WebAPI.Api", "Alura.WebAPI.Api\Alura.WebAPI.Api.csproj", "{4929D7A2-9640-467C-B4C3-8170DDBD937B}"
EndProject
Project("{9A19103F-16F7-4668-BE54-9A1E7A4F7556}") = "Alura.WebAPI.AuthProvider", "Alura.WebAPI.AuthProvider\Alura.WebAPI.AuthProvider.csproj", "{1DA84AFD-3F5E-484D-AE58-3BD231191658}"
EndProject
Project("{2150E333-8FDC-42A3-9474-1A3956D46DE8}") = "2-Apps", "2-Apps", "{B3702C80-28AF-4558-BC15-9DE6F8461EF4}"
EndProject
Project("{9A19103F-16F7-4668-BE54-9A1E7A4F7556}") = "Alura.WebAPI.WebApp", "Alura.WebAPI.WebApp\Alura.WebAPI.WebApp.csproj", "{57C5D825-BDCD-4BE4-857C-1C434FAB1510}"
EndProject
Global
	GlobalSection(SolutionConfigurationPlatforms) = preSolution
		Debug|Any CPU = Debug|Any CPU
		Release|Any CPU = Release|Any CPU
	EndGlobalSection
	GlobalSection(ProjectConfigurationPlatforms) = postSolution
		{D4D7E423-2AE8-4318-AE8A-07BCB5953B20}.Debug|Any CPU.ActiveCfg = Debug|Any CPU
		{D4D7E423-2AE8-4318-AE8A-07BCB5953B20}.Debug|Any CPU.Build.0 = Debug|Any CPU
		{D4D7E423-2AE8-4318-AE8A-07BCB5953B20}.Release|Any CPU.ActiveCfg = Release|Any CPU
		{D4D7E423-2AE8-4318-AE8A-07BCB5953B20}.Release|Any CPU.Build.0 = Release|Any CPU
		{5FC61931-469F-4763-B381-DEBBA69CFCFF}.Debug|Any CPU.ActiveCfg = Debug|Any CPU
		{5FC61931-469F-4763-B381-DEBBA69CFCFF}.Debug|Any CPU.Build.0 = Debug|Any CPU
		{5FC61931-469F-4763-B381-DEBBA69CFCFF}.Release|Any CPU.ActiveCfg = Release|Any CPU
		{5FC61931-469F-4763-B381-DEBBA69CFCFF}.Release|Any CPU.Build.0 = Release|Any CPU
		{0282A5B4-54C9-4080-BB30-EAE3455CC9E8}.Debug|Any CPU.ActiveCfg = Debug|Any CPU
		{0282A5B4-54C9-4080-BB30-EAE3455CC9E8}.Debug|Any CPU.Build.0 = Debug|Any CPU
		{0282A5B4-54C9-4080-BB30-EAE3455CC9E8}.Release|Any CPU.ActiveCfg = Release|Any CPU
		{0282A5B4-54C9-4080-BB30-EAE3455CC9E8}.Release|Any CPU.Build.0 = Release|Any CPU
		{A7BD3FAC-ED46-4096-95EA-990DCAA43FA0}.Debug|Any CPU.ActiveCfg = Debug|Any CPU
		{A7BD3FAC-ED46-4096-95EA-990DCAA43FA0}.Debug|Any CPU.Build.0 = Debug|Any CPU
		{A7BD3FAC-ED46-4096-95EA-990DCAA43FA0}.Release|Any CPU.ActiveCfg = Release|Any CPU
		{A7BD3FAC-ED46-4096-95EA-990DCAA43FA0}.Release|Any CPU.Build.0 = Release|Any CPU
		{4929D7A2-9640-467C-B4C3-8170DDBD937B}.Debug|Any CPU.ActiveCfg = Debug|Any CPU
		{4929D7A2-9640-467C-B4C3-8170DDBD937B}.Debug|Any CPU.Build.0 = Debug|Any CPU
		{4929D7A2-9640-467C-B4C3-8170DDBD937B}.Release|Any CPU.ActiveCfg = Release|Any CPU
		{4929D7A2-9640-467C-B4C3-8170DDBD937B}.Release|Any CPU.Build.0 = Release|Any CPU
		{1DA84AFD-3F5E-484D-AE58-3BD231191658}.Debug|Any CPU.ActiveCfg = Debug|Any CPU
		{1DA84AFD-3F5E-484D-AE58-3BD231191658}.Debug|Any CPU.Build.0 = Debug|Any CPU
		{1DA84AFD-3F5E-484D-AE58-3BD231191658}.Release|Any CPU.ActiveCfg = Release|Any CPU
		{1DA84AFD-3F5E-484D-AE58-3BD231191658}.Release|Any CPU.Build.0 = Release|Any CPU
		{57C5D825-BDCD-4BE4-857C-1C434FAB1510}.Debug|Any CPU.ActiveCfg = Debug|Any CPU
		{57C5D825-BDCD-4BE4-857C-1C434FAB1510}.Debug|Any CPU.Build.0 = Debug|Any CPU
		{57C5D825-BDCD-4BE4-857C-1C434FAB1510}.Release|Any CPU.ActiveCfg = Release|Any CPU
		{57C5D825-BDCD-4BE4-857C-1C434FAB1510}.Release|Any CPU.Build.0 = Release|Any CPU
	EndGlobalSection
	GlobalSection(SolutionProperties) = preSolution
		HideSolutionNode = FALSE
	EndGlobalSection
	GlobalSection(NestedProjects) = preSolution
		{D4D7E423-2AE8-4318-AE8A-07BCB5953B20} = {F2657D5E-A29D-4B44-8385-E217346F8144}
		{5FC61931-469F-4763-B381-DEBBA69CFCFF} = {F2657D5E-A29D-4B44-8385-E217346F8144}
		{0282A5B4-54C9-4080-BB30-EAE3455CC9E8} = {F2657D5E-A29D-4B44-8385-E217346F8144}
		{A7BD3FAC-ED46-4096-95EA-990DCAA43FA0} = {F2657D5E-A29D-4B44-8385-E217346F8144}
		{4929D7A2-9640-467C-B4C3-8170DDBD937B} = {C336EF98-6B01-482A-84DF-7CD8352F2BDD}
		{1DA84AFD-3F5E-484D-AE58-3BD231191658} = {C336EF98-6B01-482A-84DF-7CD8352F2BDD}
		{57C5D825-BDCD-4BE4-857C-1C434FAB1510} = {B3702C80-28AF-4558-BC15-9DE6F8461EF4}
	EndGlobalSection
	GlobalSection(ExtensibilityGlobals) = postSolution
		SolutionGuid = {F3D2A564-9081-477A-B4DD-F26DBFAE9403}
	EndGlobalSection
EndGlobal
